
Microsoft Visual Studio Solution File, Format Version 12.00
# Visual Studio Version 17
VisualStudioVersion = 17.5.33414.496
MinimumVisualStudioVersion = 10.0.40219.1
Project("{9A19103F-16F7-4668-BE54-9A1E7A4F7556}") = "TeslaCarSharing.Api", "src\api\TeslaCarSharing.Api.csproj", "{1782F752-4F0E-41E7-AC50-68E5783342BD}"
EndProject
Global
	GlobalSection(SolutionConfigurationPlatforms) = preSolution
		Debug|Any CPU = Debug|Any CPU
		Release|Any CPU = Release|Any CPU
	EndGlobalSection
	GlobalSection(ProjectConfigurationPlatforms) = postSolution
		{1782F752-4F0E-41E7-AC50-68E5783342BD}.Debug|Any CPU.ActiveCfg = Debug|Any CPU
		{1782F752-4F0E-41E7-AC50-68E5783342BD}.Debug|Any CPU.Build.0 = Debug|Any CPU
		{1782F752-4F0E-41E7-AC50-68E5783342BD}.Release|Any CPU.ActiveCfg = Release|Any CPU
		{1782F752-4F0E-41E7-AC50-68E5783342BD}.Release|Any CPU.Build.0 = Release|Any CPU
	EndGlobalSection
	GlobalSection(SolutionProperties) = preSolution
		HideSolutionNode = FALSE
	EndGlobalSection
	GlobalSection(ExtensibilityGlobals) = postSolution
		SolutionGuid = {BA4C6902-93B4-4906-8B3B-FBDE65DD56A2}
	EndGlobalSection
EndGlobal
